
Microsoft Visual Studio Solution File, Format Version 12.00
# Visual Studio Version 17
VisualStudioVersion = 17.14.36414.22 d17.14
MinimumVisualStudioVersion = 10.0.40219.1
Project("{FAE04EC0-301F-11D3-BF4B-00C04F79EFBC}") = "Shop.List.Gui", "Shop.List.Gui\Shop.List.Gui.csproj", "{CA992499-10D0-46B2-8C3F-E46A936DCDBB}"
EndProject
Global
	GlobalSection(SolutionConfigurationPlatforms) = preSolution
		Debug|Any CPU = Debug|Any CPU
		Release|Any CPU = Release|Any CPU
	EndGlobalSection
	GlobalSection(ProjectConfigurationPlatforms) = postSolution
		{CA992499-10D0-46B2-8C3F-E46A936DCDBB}.Debug|Any CPU.ActiveCfg = Debug|Any CPU
		{CA992499-10D0-46B2-8C3F-E46A936DCDBB}.Debug|Any CPU.Build.0 = Debug|Any CPU
		{CA992499-10D0-46B2-8C3F-E46A936DCDBB}.Release|Any CPU.ActiveCfg = Release|Any CPU
		{CA992499-10D0-46B2-8C3F-E46A936DCDBB}.Release|Any CPU.Build.0 = Release|Any CPU
	EndGlobalSection
	GlobalSection(SolutionProperties) = preSolution
		HideSolutionNode = FALSE
	EndGlobalSection
	GlobalSection(ExtensibilityGlobals) = postSolution
		SolutionGuid = {4AD35E3D-9FE8-4E37-9532-44C72D68A7C9}
	EndGlobalSection
EndGlobal
